<?xml version="1.0" encoding="utf-8"?>
<Project ToolsVersion="4.0" xmlns="http://schemas.microsoft.com/developer/msbuild/2003">
	<ItemGroup>
		<Filter Include="Source">
			<UniqueIdentifier>{C2BEF7BC-BA02-4C1B-FA9B-1EBC4F07913A}</UniqueIdentifier>
		</Filter>
		<Filter Include="Source\parameter_juggler">
			<UniqueIdentifier>{DA7B2BB7-0926-DCF7-27B4-7F488C61AF81}</UniqueIdentifier>
		</Filter>
		<Filter Include="Source\resources">
			<UniqueIdentifier>{53F46AA3-0323-23BC-0504-7E3F4BE27261}</UniqueIdentifier>
		</Filter>
		<Filter Include="libraries">
			<UniqueIdentifier>{4FBC877B-8C97-D59A-ED8C-4524568D91A9}</UniqueIdentifier>
		</Filter>
		<Filter Include="libraries\juce">
			<UniqueIdentifier>{BFC0FA45-8CC8-0F30-5972-7954B59D5E4F}</UniqueIdentifier>
		</Filter>
		<Filter Include="libraries\juce\modules">
			<UniqueIdentifier>{E349BAD7-6FA3-4071-E225-DF9054F33B99}</UniqueIdentifier>
		</Filter>
		<Filter Include="libraries\juce\modules\juce_audio_basics">
			<UniqueIdentifier>{BBB69D42-5D1F-4C83-9001-7DFF22DB9856}</UniqueIdentifier>
		</Filter>
		<Filter Include="libraries\juce\modules\juce_audio_devices">
			<UniqueIdentifier>{06521573-6C73-5D3E-87B6-4A10F4A103D1}</UniqueIdentifier>
		</Filter>
		<Filter Include="libraries\juce\modules\juce_audio_formats">
			<UniqueIdentifier>{535449C0-B4A6-2E09-023A-289072F3FD31}</UniqueIdentifier>
		</Filter>
		<Filter Include="libraries\juce\modules\juce_audio_processors">
			<UniqueIdentifier>{EF2AD16C-6F29-EEFD-9271-388F999CC722}</UniqueIdentifier>
		</Filter>
		<Filter Include="libraries\juce\modules\juce_audio_utils">
			<UniqueIdentifier>{D48AAC7F-4D92-4E48-3DC3-3C5FF59EE90D}</UniqueIdentifier>
		</Filter>
		<Filter Include="libraries\juce\modules\juce_core">
			<UniqueIdentifier>{CEB63EF5-DC07-3791-3B57-D124EB0E0022}</UniqueIdentifier>
		</Filter>
		<Filter Include="libraries\juce\modules\juce_cryptography">
			<UniqueIdentifier>{5FD108A3-C83D-5AC6-10AB-AB26F1669FC4}</UniqueIdentifier>
		</Filter>
		<Filter Include="libraries\juce\modules\juce_data_structures">
			<UniqueIdentifier>{D82D72EC-2398-7034-4085-110EFB7EA26A}</UniqueIdentifier>
		</Filter>
		<Filter Include="libraries\juce\modules\juce_events">
			<UniqueIdentifier>{BE5E3BBC-1613-3E7C-152A-828E08782E53}</UniqueIdentifier>
		</Filter>
		<Filter Include="libraries\juce\modules\juce_graphics">
			<UniqueIdentifier>{A4C66F73-6E94-2011-9A70-12EE09F821B8}</UniqueIdentifier>
		</Filter>
		<Filter Include="libraries\juce\modules\juce_gui_basics">
			<UniqueIdentifier>{EB86AAE5-3A18-1501-2B87-6BC64F065F80}</UniqueIdentifier>
		</Filter>
		<Filter Include="libraries\juce\modules\juce_gui_extra">
			<UniqueIdentifier>{83673851-692E-AD48-5BE1-535311578AF3}</UniqueIdentifier>
		</Filter>
		<Filter Include="libraries\juce\modules\juce_video">
			<UniqueIdentifier>{F098DF16-6B58-4860-24C6-9FE581DEA4ED}</UniqueIdentifier>
		</Filter>
	</ItemGroup>
	<ItemGroup>
		<ClInclude Include="..\..\..\Source\average_meter.h">
			<Filter>Source</Filter>
		</ClInclude>
		<ClInclude Include="..\..\..\Source\window_validation.h">
			<Filter>Source</Filter>
		</ClInclude>
		<ClInclude Include="..\..\..\Source\channel_slider.h">
			<Filter>Source</Filter>
		</ClInclude>
		<ClInclude Include="..\..\..\Source\meter_bar_average.h">
			<Filter>Source</Filter>
		</ClInclude>
		<ClInclude Include="..\..\..\Source\trakmeter.h">
			<Filter>Source</Filter>
		</ClInclude>
		<ClInclude Include="..\..\..\Source\peak_meter.h">
			<Filter>Source</Filter>
		</ClInclude>
		<ClInclude Include="..\..\..\Source\meter_segment.h">
			<Filter>Source</Filter>
		</ClInclude>
		<ClInclude Include="..\..\..\Source\combined_meter.h">
			<Filter>Source</Filter>
		</ClInclude>
		<ClInclude Include="..\..\..\Source\audio_ring_buffer.h">
			<Filter>Source</Filter>
		</ClInclude>
		<ClInclude Include="..\..\..\Source\signal_meter.h">
			<Filter>Source</Filter>
		</ClInclude>
		<ClInclude Include="..\..\..\Source\dither.h">
			<Filter>Source</Filter>
		</ClInclude>
		<ClInclude Include="..\..\..\Source\window_about.h">
			<Filter>Source</Filter>
		</ClInclude>
		<ClInclude Include="..\..\..\Source\meter_bar_peak.h">
			<Filter>Source</Filter>
		</ClInclude>
		<ClInclude Include="..\..\..\Source\audio_file_player.h">
			<Filter>Source</Filter>
		</ClInclude>
		<ClInclude Include="..\..\..\Source\plugin_parameters.h">
			<Filter>Source</Filter>
		</ClInclude>
		<ClInclude Include="..\..\..\Source\meter_segment_overload.h">
			<Filter>Source</Filter>
		</ClInclude>
		<ClInclude Include="..\..\..\Source\mz_tools.h">
			<Filter>Source</Filter>
		</ClInclude>
		<ClInclude Include="..\..\..\Source\meter_signal_led.h">
			<Filter>Source</Filter>
		</ClInclude>
		<ClInclude Include="..\..\..\Source\plugin_processor.h">
			<Filter>Source</Filter>
		</ClInclude>
		<ClInclude Include="..\..\..\Source\meter_ballistics.h">
			<Filter>Source</Filter>
		</ClInclude>
		<ClInclude Include="..\..\..\Source\plugin_editor.h">
			<Filter>Source</Filter>
		</ClInclude>
		<ClInclude Include="..\..\..\Source\standalone_application.h">
			<Filter>Source</Filter>
		</ClInclude>
		<ClInclude Include="..\..\..\Source\averager.h">
			<Filter>Source</Filter>
		</ClInclude>
		<ClInclude Include="..\..\..\Source\parameter_juggler\wrapped_parameter_continuous.h">
			<Filter>Source\parameter_juggler</Filter>
		</ClInclude>
		<ClInclude Include="..\..\..\Source\parameter_juggler\slider_continuous.h">
			<Filter>Source\parameter_juggler</Filter>
		</ClInclude>
		<ClInclude Include="..\..\..\Source\parameter_juggler\wrapped_parameter_toggle_switch.h">
			<Filter>Source\parameter_juggler</Filter>
		</ClInclude>
		<ClInclude Include="..\..\..\Source\parameter_juggler\wrapped_parameter.h">
			<Filter>Source\parameter_juggler</Filter>
		</ClInclude>
		<ClInclude Include="..\..\..\Source\parameter_juggler\parameter_juggler.h">
			<Filter>Source\parameter_juggler</Filter>
		</ClInclude>
		<ClInclude Include="..\..\..\Source\parameter_juggler\slider_combined.h">
			<Filter>Source\parameter_juggler</Filter>
		</ClInclude>
		<ClInclude Include="..\..\..\Source\parameter_juggler\wrapped_parameter_switch.h">
			<Filter>Source\parameter_juggler</Filter>
		</ClInclude>
		<ClInclude Include="..\..\..\Source\parameter_juggler\wrapped_parameter_combined.h">
			<Filter>Source\parameter_juggler</Filter>
		</ClInclude>
		<ClInclude Include="..\..\..\Source\parameter_juggler\wrapped_parameter_string.h">
			<Filter>Source\parameter_juggler</Filter>
		</ClInclude>
		<ClInclude Include="..\..\..\Source\parameter_juggler\slider_switch_linear_bar.h">
			<Filter>Source\parameter_juggler</Filter>
		</ClInclude>
		<ClInclude Include="..\..\..\Source\parameter_juggler\slider_switch.h">
			<Filter>Source\parameter_juggler</Filter>
		</ClInclude>
		<ClInclude Include="..\..\..\Source\resources\resources.h">
			<Filter>Source\resources</Filter>
		</ClInclude>
	</ItemGroup>
	<ItemGroup>
		<ClCompile Include="..\..\..\Source\meter_segment_overload.cpp">
			<Filter>Source</Filter>
		</ClCompile>
		<ClCompile Include="..\..\..\Source\meter_segment.cpp">
			<Filter>Source</Filter>
		</ClCompile>
		<ClCompile Include="..\..\..\Source\plugin_processor.cpp">
			<Filter>Source</Filter>
		</ClCompile>
		<ClCompile Include="..\..\..\Source\meter_bar_peak.cpp">
			<Filter>Source</Filter>
		</ClCompile>
		<ClCompile Include="..\..\..\Source\plugin_parameters.cpp">
			<Filter>Source</Filter>
		</ClCompile>
		<ClCompile Include="..\..\..\Source\averager.cpp">
			<Filter>Source</Filter>
		</ClCompile>
		<ClCompile Include="..\..\..\Source\main.cpp">
			<Filter>Source</Filter>
		</ClCompile>
		<ClCompile Include="..\..\..\Source\peak_meter.cpp">
			<Filter>Source</Filter>
		</ClCompile>
		<ClCompile Include="..\..\..\Source\meter_bar_average.cpp">
			<Filter>Source</Filter>
		</ClCompile>
		<ClCompile Include="..\..\..\Source\meter_signal_led.cpp">
			<Filter>Source</Filter>
		</ClCompile>
		<ClCompile Include="..\..\..\Source\signal_meter.cpp">
			<Filter>Source</Filter>
		</ClCompile>
		<ClCompile Include="..\..\..\Source\average_meter.cpp">
			<Filter>Source</Filter>
		</ClCompile>
		<ClCompile Include="..\..\..\Source\window_validation.cpp">
			<Filter>Source</Filter>
		</ClCompile>
		<ClCompile Include="..\..\..\Source\audio_ring_buffer.cpp">
			<Filter>Source</Filter>
		</ClCompile>
		<ClCompile Include="..\..\..\Source\standalone_application.cpp">
			<Filter>Source</Filter>
		</ClCompile>
		<ClCompile Include="..\..\..\Source\window_about.cpp">
			<Filter>Source</Filter>
		</ClCompile>
		<ClCompile Include="..\..\..\Source\meter_ballistics.cpp">
			<Filter>Source</Filter>
		</ClCompile>
		<ClCompile Include="..\..\..\Source\plugin_editor.cpp">
			<Filter>Source</Filter>
		</ClCompile>
		<ClCompile Include="..\..\..\Source\audio_file_player.cpp">
			<Filter>Source</Filter>
		</ClCompile>
		<ClCompile Include="..\..\..\Source\combined_meter.cpp">
			<Filter>Source</Filter>
		</ClCompile>
		<ClCompile Include="..\..\..\Source\trakmeter.cpp">
			<Filter>Source</Filter>
		</ClCompile>
		<ClCompile Include="..\..\..\Source\dither.cpp">
			<Filter>Source</Filter>
		</ClCompile>
		<ClCompile Include="..\..\..\Source\channel_slider.cpp">
			<Filter>Source</Filter>
		</ClCompile>
		<ClCompile Include="..\..\..\Source\parameter_juggler\wrapped_parameter_toggle_switch.cpp">
			<Filter>Source\parameter_juggler</Filter>
		</ClCompile>
		<ClCompile Include="..\..\..\Source\parameter_juggler\parameter_juggler.cpp">
			<Filter>Source\parameter_juggler</Filter>
		</ClCompile>
		<ClCompile Include="..\..\..\Source\parameter_juggler\slider_combined.cpp">
			<Filter>Source\parameter_juggler</Filter>
		</ClCompile>
		<ClCompile Include="..\..\..\Source\parameter_juggler\slider_switch.cpp">
			<Filter>Source\parameter_juggler</Filter>
		</ClCompile>
		<ClCompile Include="..\..\..\Source\parameter_juggler\wrapped_parameter_string.cpp">
			<Filter>Source\parameter_juggler</Filter>
		</ClCompile>
		<ClCompile Include="..\..\..\Source\parameter_juggler\slider_continuous.cpp">
			<Filter>Source\parameter_juggler</Filter>
		</ClCompile>
		<ClCompile Include="..\..\..\Source\parameter_juggler\wrapped_parameter_switch.cpp">
			<Filter>Source\parameter_juggler</Filter>
		</ClCompile>
		<ClCompile Include="..\..\..\Source\parameter_juggler\slider_switch_linear_bar.cpp">
			<Filter>Source\parameter_juggler</Filter>
		</ClCompile>
		<ClCompile Include="..\..\..\Source\parameter_juggler\wrapped_parameter_continuous.cpp">
			<Filter>Source\parameter_juggler</Filter>
		</ClCompile>
		<ClCompile Include="..\..\..\Source\parameter_juggler\wrapped_parameter_combined.cpp">
			<Filter>Source\parameter_juggler</Filter>
		</ClCompile>
		<ClCompile Include="..\..\..\Source\resources\resources.cpp">
			<Filter>Source\resources</Filter>
		</ClCompile>
		<ClCompile Include="..\..\..\libraries\juce\modules\juce_audio_basics\juce_audio_basics.cpp">
			<Filter>libraries\juce\modules\juce_audio_basics</Filter>
		</ClCompile>
		<ClCompile Include="..\..\..\libraries\juce\modules\juce_audio_devices\juce_audio_devices.cpp">
			<Filter>libraries\juce\modules\juce_audio_devices</Filter>
		</ClCompile>
		<ClCompile Include="..\..\..\libraries\juce\modules\juce_audio_formats\juce_audio_formats.cpp">
			<Filter>libraries\juce\modules\juce_audio_formats</Filter>
		</ClCompile>
		<ClCompile Include="..\..\..\libraries\juce\modules\juce_audio_processors\juce_audio_processors.cpp">
			<Filter>libraries\juce\modules\juce_audio_processors</Filter>
		</ClCompile>
		<ClCompile Include="..\..\..\libraries\juce\modules\juce_audio_utils\juce_audio_utils.cpp">
			<Filter>libraries\juce\modules\juce_audio_utils</Filter>
		</ClCompile>
		<ClCompile Include="..\..\..\libraries\juce\modules\juce_core\juce_core.cpp">
			<Filter>libraries\juce\modules\juce_core</Filter>
		</ClCompile>
		<ClCompile Include="..\..\..\libraries\juce\modules\juce_cryptography\juce_cryptography.cpp">
			<Filter>libraries\juce\modules\juce_cryptography</Filter>
		</ClCompile>
		<ClCompile Include="..\..\..\libraries\juce\modules\juce_data_structures\juce_data_structures.cpp">
			<Filter>libraries\juce\modules\juce_data_structures</Filter>
		</ClCompile>
		<ClCompile Include="..\..\..\libraries\juce\modules\juce_events\juce_events.cpp">
			<Filter>libraries\juce\modules\juce_events</Filter>
		</ClCompile>
		<ClCompile Include="..\..\..\libraries\juce\modules\juce_graphics\juce_graphics.cpp">
			<Filter>libraries\juce\modules\juce_graphics</Filter>
		</ClCompile>
		<ClCompile Include="..\..\..\libraries\juce\modules\juce_gui_basics\juce_gui_basics.cpp">
			<Filter>libraries\juce\modules\juce_gui_basics</Filter>
		</ClCompile>
		<ClCompile Include="..\..\..\libraries\juce\modules\juce_gui_extra\juce_gui_extra.cpp">
			<Filter>libraries\juce\modules\juce_gui_extra</Filter>
		</ClCompile>
		<ClCompile Include="..\..\..\libraries\juce\modules\juce_video\juce_video.cpp">
			<Filter>libraries\juce\modules\juce_video</Filter>
		</ClCompile>
	</ItemGroup>
</Project>
