<?xml version="1.0" encoding="utf-8"?>
<Project ToolsVersion="4.0" xmlns="http://schemas.microsoft.com/developer/msbuild/2003">
	<ItemGroup>
		<Filter Include="Source">
			<UniqueIdentifier>{5209DFA7-C88F-F9C2-7246-538FC3CF9B3E}</UniqueIdentifier>
		</Filter>
		<Filter Include="Source\common">
			<UniqueIdentifier>{96E0C6E1-A4E2-1A07-4076-C5E6FF9CE76E}</UniqueIdentifier>
		</Filter>
		<Filter Include="Source\common\math">
			<UniqueIdentifier>{958AA2F1-DD3A-1CCE-0B00-9EF4E21F319F}</UniqueIdentifier>
		</Filter>
		<Filter Include="Source\common\widgets">
			<UniqueIdentifier>{087EC9CB-3FA2-E91D-D3DE-12255A137A5F}</UniqueIdentifier>
		</Filter>
		<Filter Include="Source\common\widgets\resources">
			<UniqueIdentifier>{9EDEB2CA-090D-E27E-4934-87647A33D103}</UniqueIdentifier>
		</Filter>
		<Filter Include="Source\common\audio">
			<UniqueIdentifier>{40A5C2B0-10B7-CF07-913F-AB3F58F10C64}</UniqueIdentifier>
		</Filter>
		<Filter Include="Source\common\skin">
			<UniqueIdentifier>{75A5B134-D04C-76B9-647B-54BEBA2F0FA5}</UniqueIdentifier>
		</Filter>
		<Filter Include="Source\common\parameter_juggler">
			<UniqueIdentifier>{8E22130C-C373-F140-A533-995B4ADC4B92}</UniqueIdentifier>
		</Filter>
		<Filter Include="libraries">
			<UniqueIdentifier>{F6F7AB7C-73DE-0315-D996-525A55C55661}</UniqueIdentifier>
		</Filter>
		<Filter Include="libraries\juce">
			<UniqueIdentifier>{887BE167-73FE-91FD-EE20-125BFA9A7300}</UniqueIdentifier>
		</Filter>
		<Filter Include="libraries\juce\modules">
			<UniqueIdentifier>{93251339-CE74-05DD-2E0C-308D6DA16F5C}</UniqueIdentifier>
		</Filter>
		<Filter Include="libraries\juce\modules\juce_audio_basics">
			<UniqueIdentifier>{92307828-79F4-38F9-6DE7-DCF6A090BFF5}</UniqueIdentifier>
		</Filter>
		<Filter Include="libraries\juce\modules\juce_audio_devices">
			<UniqueIdentifier>{2386A5F7-3A59-F9A3-C447-09FB06C79BDA}</UniqueIdentifier>
		</Filter>
		<Filter Include="libraries\juce\modules\juce_audio_formats">
			<UniqueIdentifier>{B05F0D17-72B0-16A2-274A-1A734A30C542}</UniqueIdentifier>
		</Filter>
		<Filter Include="libraries\juce\modules\juce_audio_processors">
			<UniqueIdentifier>{A57E1EEA-AF51-4AFA-5829-8FEFD4A8AEA9}</UniqueIdentifier>
		</Filter>
		<Filter Include="libraries\juce\modules\juce_audio_utils">
			<UniqueIdentifier>{AA66C9BF-48E2-9688-0BE5-BD338F72D33E}</UniqueIdentifier>
		</Filter>
		<Filter Include="libraries\juce\modules\juce_core">
			<UniqueIdentifier>{D6849D5D-AF98-8A7D-F2DE-21E0EBCBFC93}</UniqueIdentifier>
		</Filter>
		<Filter Include="libraries\juce\modules\juce_cryptography">
			<UniqueIdentifier>{7AFF5209-3C26-A183-BB6A-206B87780981}</UniqueIdentifier>
		</Filter>
		<Filter Include="libraries\juce\modules\juce_data_structures">
			<UniqueIdentifier>{4BCAEB51-1567-EC2B-B691-14DB35AD11BB}</UniqueIdentifier>
		</Filter>
		<Filter Include="libraries\juce\modules\juce_events">
			<UniqueIdentifier>{3B21FD66-3C5B-0AC8-65D8-8B31D412A24E}</UniqueIdentifier>
		</Filter>
		<Filter Include="libraries\juce\modules\juce_graphics">
			<UniqueIdentifier>{8F0EF49C-77B0-103B-1A71-CA3B90EAE855}</UniqueIdentifier>
		</Filter>
		<Filter Include="libraries\juce\modules\juce_gui_basics">
			<UniqueIdentifier>{5A9BD37B-3E51-EBD8-4D7A-A2A5CF9112B6}</UniqueIdentifier>
		</Filter>
		<Filter Include="libraries\juce\modules\juce_gui_extra">
			<UniqueIdentifier>{73CBE1A8-F023-4511-FA4E-8751A964940F}</UniqueIdentifier>
		</Filter>
		<Filter Include="libraries\juce\modules\juce_video">
			<UniqueIdentifier>{4EE0E38C-CE89-76E2-7592-157FFD22EF16}</UniqueIdentifier>
		</Filter>
	</ItemGroup>
	<ItemGroup>
		<ClInclude Include="..\..\..\Source\window_validation.h">
			<Filter>Source</Filter>
		</ClInclude>
		<ClInclude Include="..\..\..\Source\meter_bar_average.h">
			<Filter>Source</Filter>
		</ClInclude>
		<ClInclude Include="..\..\..\Source\trakmeter.h">
			<Filter>Source</Filter>
		</ClInclude>
		<ClInclude Include="..\..\..\Source\overload_meter.h">
			<Filter>Source</Filter>
		</ClInclude>
		<ClInclude Include="..\..\..\Source\meter_segment.h">
			<Filter>Source</Filter>
		</ClInclude>
		<ClInclude Include="..\..\..\Source\meter_bar_peak.h">
			<Filter>Source</Filter>
		</ClInclude>
		<ClInclude Include="..\..\..\Source\audio_file_player.h">
			<Filter>Source</Filter>
		</ClInclude>
		<ClInclude Include="..\..\..\Source\plugin_parameters.h">
			<Filter>Source</Filter>
		</ClInclude>
		<ClInclude Include="..\..\..\Source\skin.h">
			<Filter>Source</Filter>
		</ClInclude>
		<ClInclude Include="..\..\..\Source\meter_signal_led.h">
			<Filter>Source</Filter>
		</ClInclude>
		<ClInclude Include="..\..\..\Source\plugin_processor.h">
			<Filter>Source</Filter>
		</ClInclude>
		<ClInclude Include="..\..\..\Source\meter_ballistics.h">
			<Filter>Source</Filter>
		</ClInclude>
		<ClInclude Include="..\..\..\Source\plugin_editor.h">
			<Filter>Source</Filter>
		</ClInclude>
		<ClInclude Include="..\..\..\Source\standalone_application.h">
			<Filter>Source</Filter>
		</ClInclude>
		<ClInclude Include="..\..\..\Source\common\tools.h">
			<Filter>Source\common</Filter>
		</ClInclude>
		<ClInclude Include="..\..\..\Source\common\mz_juce_common.h">
			<Filter>Source\common</Filter>
		</ClInclude>
		<ClInclude Include="..\..\..\Source\common\math\averager.h">
			<Filter>Source\common\math</Filter>
		</ClInclude>
		<ClInclude Include="..\..\..\Source\common\widgets\generic_plugin_standalone.h">
			<Filter>Source\common\widgets</Filter>
		</ClInclude>
		<ClInclude Include="..\..\..\Source\common\widgets\slider_continuous.h">
			<Filter>Source\common\widgets</Filter>
		</ClInclude>
		<ClInclude Include="..\..\..\Source\common\widgets\generic_window_about.h">
			<Filter>Source\common\widgets</Filter>
		</ClInclude>
		<ClInclude Include="..\..\..\Source\common\widgets\generic_channel_slider.h">
			<Filter>Source\common\widgets</Filter>
		</ClInclude>
		<ClInclude Include="..\..\..\Source\common\widgets\slider_combined.h">
			<Filter>Source\common\widgets</Filter>
		</ClInclude>
		<ClInclude Include="..\..\..\Source\common\widgets\generic_window_skin.h">
			<Filter>Source\common\widgets</Filter>
		</ClInclude>
		<ClInclude Include="..\..\..\Source\common\widgets\slider_switch_linear_bar.h">
			<Filter>Source\common\widgets</Filter>
		</ClInclude>
		<ClInclude Include="..\..\..\Source\common\widgets\slider_switch.h">
			<Filter>Source\common\widgets</Filter>
		</ClInclude>
		<ClInclude Include="..\..\..\Source\common\widgets\generic_horizontal_meter.h">
			<Filter>Source\common\widgets</Filter>
		</ClInclude>
		<ClInclude Include="..\..\..\Source\common\widgets\generic_state_label.h">
			<Filter>Source\common\widgets</Filter>
		</ClInclude>
		<ClInclude Include="..\..\..\Source\common\widgets\generic_meter_segment.h">
			<Filter>Source\common\widgets</Filter>
		</ClInclude>
		<ClInclude Include="..\..\..\Source\common\widgets\resources\resources.h">
			<Filter>Source\common\widgets\resources</Filter>
		</ClInclude>
		<ClInclude Include="..\..\..\Source\common\audio\audio_ring_buffer.h">
			<Filter>Source\common\audio</Filter>
		</ClInclude>
		<ClInclude Include="..\..\..\Source\common\audio\dither.h">
			<Filter>Source\common\audio</Filter>
		</ClInclude>
		<ClInclude Include="..\..\..\Source\common\skin\generic_skin.h">
			<Filter>Source\common\skin</Filter>
		</ClInclude>
		<ClInclude Include="..\..\..\Source\common\parameter_juggler\wrapped_parameter_continuous.h">
			<Filter>Source\common\parameter_juggler</Filter>
		</ClInclude>
		<ClInclude Include="..\..\..\Source\common\parameter_juggler\wrapped_parameter_toggle_switch.h">
			<Filter>Source\common\parameter_juggler</Filter>
		</ClInclude>
		<ClInclude Include="..\..\..\Source\common\parameter_juggler\wrapped_parameter.h">
			<Filter>Source\common\parameter_juggler</Filter>
		</ClInclude>
		<ClInclude Include="..\..\..\Source\common\parameter_juggler\parameter_juggler.h">
			<Filter>Source\common\parameter_juggler</Filter>
		</ClInclude>
		<ClInclude Include="..\..\..\Source\common\parameter_juggler\wrapped_parameter_switch.h">
			<Filter>Source\common\parameter_juggler</Filter>
		</ClInclude>
		<ClInclude Include="..\..\..\Source\common\parameter_juggler\wrapped_parameter_combined.h">
			<Filter>Source\common\parameter_juggler</Filter>
		</ClInclude>
		<ClInclude Include="..\..\..\Source\common\parameter_juggler\wrapped_parameter_string.h">
			<Filter>Source\common\parameter_juggler</Filter>
		</ClInclude>
	</ItemGroup>
	<ItemGroup>
		<ClCompile Include="..\..\..\Source\meter_segment.cpp">
			<Filter>Source</Filter>
		</ClCompile>
		<ClCompile Include="..\..\..\Source\plugin_processor.cpp">
			<Filter>Source</Filter>
		</ClCompile>
		<ClCompile Include="..\..\..\Source\meter_bar_peak.cpp">
			<Filter>Source</Filter>
		</ClCompile>
		<ClCompile Include="..\..\..\Source\plugin_parameters.cpp">
			<Filter>Source</Filter>
		</ClCompile>
		<ClCompile Include="..\..\..\Source\skin.cpp">
			<Filter>Source</Filter>
		</ClCompile>
		<ClCompile Include="..\..\..\Source\main.cpp">
			<Filter>Source</Filter>
		</ClCompile>
		<ClCompile Include="..\..\..\Source\meter_bar_average.cpp">
			<Filter>Source</Filter>
		</ClCompile>
		<ClCompile Include="..\..\..\Source\meter_signal_led.cpp">
			<Filter>Source</Filter>
		</ClCompile>
		<ClCompile Include="..\..\..\Source\window_validation.cpp">
			<Filter>Source</Filter>
		</ClCompile>
		<ClCompile Include="..\..\..\Source\standalone_application.cpp">
			<Filter>Source</Filter>
		</ClCompile>
		<ClCompile Include="..\..\..\Source\meter_ballistics.cpp">
			<Filter>Source</Filter>
		</ClCompile>
		<ClCompile Include="..\..\..\Source\plugin_editor.cpp">
			<Filter>Source</Filter>
		</ClCompile>
		<ClCompile Include="..\..\..\Source\audio_file_player.cpp">
			<Filter>Source</Filter>
		</ClCompile>
		<ClCompile Include="..\..\..\Source\trakmeter.cpp">
			<Filter>Source</Filter>
		</ClCompile>
		<ClCompile Include="..\..\..\Source\overload_meter.cpp">
			<Filter>Source</Filter>
		</ClCompile>
		<ClCompile Include="..\..\..\Source\common\math\averager.cpp">
			<Filter>Source\common\math</Filter>
		</ClCompile>
		<ClCompile Include="..\..\..\Source\common\widgets\generic_horizontal_meter.cpp">
			<Filter>Source\common\widgets</Filter>
		</ClCompile>
		<ClCompile Include="..\..\..\Source\common\widgets\slider_combined.cpp">
			<Filter>Source\common\widgets</Filter>
		</ClCompile>
		<ClCompile Include="..\..\..\Source\common\widgets\slider_switch.cpp">
			<Filter>Source\common\widgets</Filter>
		</ClCompile>
		<ClCompile Include="..\..\..\Source\common\widgets\generic_meter_segment.cpp">
			<Filter>Source\common\widgets</Filter>
		</ClCompile>
		<ClCompile Include="..\..\..\Source\common\widgets\generic_window_skin.cpp">
			<Filter>Source\common\widgets</Filter>
		</ClCompile>
		<ClCompile Include="..\..\..\Source\common\widgets\generic_window_about.cpp">
			<Filter>Source\common\widgets</Filter>
		</ClCompile>
		<ClCompile Include="..\..\..\Source\common\widgets\slider_continuous.cpp">
			<Filter>Source\common\widgets</Filter>
		</ClCompile>
		<ClCompile Include="..\..\..\Source\common\widgets\slider_switch_linear_bar.cpp">
			<Filter>Source\common\widgets</Filter>
		</ClCompile>
		<ClCompile Include="..\..\..\Source\common\widgets\generic_channel_slider.cpp">
			<Filter>Source\common\widgets</Filter>
		</ClCompile>
		<ClCompile Include="..\..\..\Source\common\widgets\generic_plugin_standalone.cpp">
			<Filter>Source\common\widgets</Filter>
		</ClCompile>
		<ClCompile Include="..\..\..\Source\common\widgets\generic_state_label.cpp">
			<Filter>Source\common\widgets</Filter>
		</ClCompile>
		<ClCompile Include="..\..\..\Source\common\widgets\resources\resources.cpp">
			<Filter>Source\common\widgets\resources</Filter>
		</ClCompile>
		<ClCompile Include="..\..\..\Source\common\audio\audio_ring_buffer.cpp">
			<Filter>Source\common\audio</Filter>
		</ClCompile>
		<ClCompile Include="..\..\..\Source\common\audio\dither.cpp">
			<Filter>Source\common\audio</Filter>
		</ClCompile>
		<ClCompile Include="..\..\..\Source\common\skin\generic_skin.cpp">
			<Filter>Source\common\skin</Filter>
		</ClCompile>
		<ClCompile Include="..\..\..\Source\common\parameter_juggler\wrapped_parameter_toggle_switch.cpp">
			<Filter>Source\common\parameter_juggler</Filter>
		</ClCompile>
		<ClCompile Include="..\..\..\Source\common\parameter_juggler\parameter_juggler.cpp">
			<Filter>Source\common\parameter_juggler</Filter>
		</ClCompile>
		<ClCompile Include="..\..\..\Source\common\parameter_juggler\wrapped_parameter_string.cpp">
			<Filter>Source\common\parameter_juggler</Filter>
		</ClCompile>
		<ClCompile Include="..\..\..\Source\common\parameter_juggler\wrapped_parameter_switch.cpp">
			<Filter>Source\common\parameter_juggler</Filter>
		</ClCompile>
		<ClCompile Include="..\..\..\Source\common\parameter_juggler\wrapped_parameter_continuous.cpp">
			<Filter>Source\common\parameter_juggler</Filter>
		</ClCompile>
		<ClCompile Include="..\..\..\Source\common\parameter_juggler\wrapped_parameter_combined.cpp">
			<Filter>Source\common\parameter_juggler</Filter>
		</ClCompile>
		<ClCompile Include="..\..\..\libraries\juce\modules\juce_audio_basics\juce_audio_basics.cpp">
			<Filter>libraries\juce\modules\juce_audio_basics</Filter>
		</ClCompile>
		<ClCompile Include="..\..\..\libraries\juce\modules\juce_audio_devices\juce_audio_devices.cpp">
			<Filter>libraries\juce\modules\juce_audio_devices</Filter>
		</ClCompile>
		<ClCompile Include="..\..\..\libraries\juce\modules\juce_audio_formats\juce_audio_formats.cpp">
			<Filter>libraries\juce\modules\juce_audio_formats</Filter>
		</ClCompile>
		<ClCompile Include="..\..\..\libraries\juce\modules\juce_audio_processors\juce_audio_processors.cpp">
			<Filter>libraries\juce\modules\juce_audio_processors</Filter>
		</ClCompile>
		<ClCompile Include="..\..\..\libraries\juce\modules\juce_audio_utils\juce_audio_utils.cpp">
			<Filter>libraries\juce\modules\juce_audio_utils</Filter>
		</ClCompile>
		<ClCompile Include="..\..\..\libraries\juce\modules\juce_core\juce_core.cpp">
			<Filter>libraries\juce\modules\juce_core</Filter>
		</ClCompile>
		<ClCompile Include="..\..\..\libraries\juce\modules\juce_cryptography\juce_cryptography.cpp">
			<Filter>libraries\juce\modules\juce_cryptography</Filter>
		</ClCompile>
		<ClCompile Include="..\..\..\libraries\juce\modules\juce_data_structures\juce_data_structures.cpp">
			<Filter>libraries\juce\modules\juce_data_structures</Filter>
		</ClCompile>
		<ClCompile Include="..\..\..\libraries\juce\modules\juce_events\juce_events.cpp">
			<Filter>libraries\juce\modules\juce_events</Filter>
		</ClCompile>
		<ClCompile Include="..\..\..\libraries\juce\modules\juce_graphics\juce_graphics.cpp">
			<Filter>libraries\juce\modules\juce_graphics</Filter>
		</ClCompile>
		<ClCompile Include="..\..\..\libraries\juce\modules\juce_gui_basics\juce_gui_basics.cpp">
			<Filter>libraries\juce\modules\juce_gui_basics</Filter>
		</ClCompile>
		<ClCompile Include="..\..\..\libraries\juce\modules\juce_gui_extra\juce_gui_extra.cpp">
			<Filter>libraries\juce\modules\juce_gui_extra</Filter>
		</ClCompile>
		<ClCompile Include="..\..\..\libraries\juce\modules\juce_video\juce_video.cpp">
			<Filter>libraries\juce\modules\juce_video</Filter>
		</ClCompile>
	</ItemGroup>
</Project>
