<?xml version="1.0" encoding="utf-8"?>
<Project ToolsVersion="4.0" xmlns="http://schemas.microsoft.com/developer/msbuild/2003">
	<ItemGroup>
		<Filter Include="Source">
			<UniqueIdentifier>{AD4CA6D1-924B-8624-35BA-A6D731AC6F0A}</UniqueIdentifier>
		</Filter>
		<Filter Include="Source\parameter_juggler">
			<UniqueIdentifier>{8BAEDDF9-8E3A-C5E6-7C25-D1D5445321B0}</UniqueIdentifier>
		</Filter>
		<Filter Include="Source\resources">
			<UniqueIdentifier>{A594FC73-A0B3-D2BF-6576-3FFFE565ADA5}</UniqueIdentifier>
		</Filter>
		<Filter Include="libraries">
			<UniqueIdentifier>{09A8E0D5-5EC4-E0A5-878C-DA23C9815CDD}</UniqueIdentifier>
		</Filter>
		<Filter Include="libraries\juce">
			<UniqueIdentifier>{3084E538-9E2E-FA0C-DBBB-52B9AB7C4831}</UniqueIdentifier>
		</Filter>
		<Filter Include="libraries\juce\modules">
			<UniqueIdentifier>{4CE04390-A1A5-9E27-75E1-085E849DFE7A}</UniqueIdentifier>
		</Filter>
		<Filter Include="libraries\juce\modules\juce_audio_basics">
			<UniqueIdentifier>{8F0D7C0D-E9CD-60FD-79AC-076582A91A80}</UniqueIdentifier>
		</Filter>
		<Filter Include="libraries\juce\modules\juce_audio_devices">
			<UniqueIdentifier>{44FA73DB-5570-2FBB-BF7A-539FD19DB685}</UniqueIdentifier>
		</Filter>
		<Filter Include="libraries\juce\modules\juce_audio_formats">
			<UniqueIdentifier>{FCE762E2-21F7-2515-20AE-A2E0D060F8B5}</UniqueIdentifier>
		</Filter>
		<Filter Include="libraries\juce\modules\juce_audio_processors">
			<UniqueIdentifier>{68A9235B-2304-CC99-2092-0286F4CADE84}</UniqueIdentifier>
		</Filter>
		<Filter Include="libraries\juce\modules\juce_audio_utils">
			<UniqueIdentifier>{90685C85-DB27-3478-1320-0D55006B58F3}</UniqueIdentifier>
		</Filter>
		<Filter Include="libraries\juce\modules\juce_core">
			<UniqueIdentifier>{266743FA-3683-8BFE-DCBC-BCF23630D96A}</UniqueIdentifier>
		</Filter>
		<Filter Include="libraries\juce\modules\juce_cryptography">
			<UniqueIdentifier>{A71D2D85-517F-9954-94FE-ECCFCF1AC912}</UniqueIdentifier>
		</Filter>
		<Filter Include="libraries\juce\modules\juce_data_structures">
			<UniqueIdentifier>{65B21A35-7C79-11DE-CE19-2E90E6E1C3E5}</UniqueIdentifier>
		</Filter>
		<Filter Include="libraries\juce\modules\juce_events">
			<UniqueIdentifier>{58796D19-AAFD-B02F-7E30-1024305A1735}</UniqueIdentifier>
		</Filter>
		<Filter Include="libraries\juce\modules\juce_graphics">
			<UniqueIdentifier>{242492A3-F354-28C9-9513-44924EEAC0A5}</UniqueIdentifier>
		</Filter>
		<Filter Include="libraries\juce\modules\juce_gui_basics">
			<UniqueIdentifier>{C35D3266-8DBA-8816-2015-90005BDB40CD}</UniqueIdentifier>
		</Filter>
		<Filter Include="libraries\juce\modules\juce_gui_extra">
			<UniqueIdentifier>{9B371137-8392-E2BF-03EE-EBB1BE229F97}</UniqueIdentifier>
		</Filter>
		<Filter Include="libraries\juce\modules\juce_video">
			<UniqueIdentifier>{3FCF51FF-EDA9-EBBA-80CB-14B71EF115A0}</UniqueIdentifier>
		</Filter>
	</ItemGroup>
	<ItemGroup>
		<ClInclude Include="..\..\..\Source\window_validation.h">
			<Filter>Source</Filter>
		</ClInclude>
		<ClInclude Include="..\..\..\Source\channel_slider.h">
			<Filter>Source</Filter>
		</ClInclude>
		<ClInclude Include="..\..\..\Source\meter_bar_average.h">
			<Filter>Source</Filter>
		</ClInclude>
		<ClInclude Include="..\..\..\Source\trakmeter.h">
			<Filter>Source</Filter>
		</ClInclude>
		<ClInclude Include="..\..\..\Source\overload_meter.h">
			<Filter>Source</Filter>
		</ClInclude>
		<ClInclude Include="..\..\..\Source\meter_segment.h">
			<Filter>Source</Filter>
		</ClInclude>
		<ClInclude Include="..\..\..\Source\audio_ring_buffer.h">
			<Filter>Source</Filter>
		</ClInclude>
		<ClInclude Include="..\..\..\Source\state_label.h">
			<Filter>Source</Filter>
		</ClInclude>
		<ClInclude Include="..\..\..\Source\dither.h">
			<Filter>Source</Filter>
		</ClInclude>
		<ClInclude Include="..\..\..\Source\window_about.h">
			<Filter>Source</Filter>
		</ClInclude>
		<ClInclude Include="..\..\..\Source\window_skin.h">
			<Filter>Source</Filter>
		</ClInclude>
		<ClInclude Include="..\..\..\Source\meter_bar_peak.h">
			<Filter>Source</Filter>
		</ClInclude>
		<ClInclude Include="..\..\..\Source\audio_file_player.h">
			<Filter>Source</Filter>
		</ClInclude>
		<ClInclude Include="..\..\..\Source\plugin_parameters.h">
			<Filter>Source</Filter>
		</ClInclude>
		<ClInclude Include="..\..\..\Source\skin.h">
			<Filter>Source</Filter>
		</ClInclude>
		<ClInclude Include="..\..\..\Source\mz_tools.h">
			<Filter>Source</Filter>
		</ClInclude>
		<ClInclude Include="..\..\..\Source\meter_signal_led.h">
			<Filter>Source</Filter>
		</ClInclude>
		<ClInclude Include="..\..\..\Source\plugin_processor.h">
			<Filter>Source</Filter>
		</ClInclude>
		<ClInclude Include="..\..\..\Source\meter_ballistics.h">
			<Filter>Source</Filter>
		</ClInclude>
		<ClInclude Include="..\..\..\Source\plugin_editor.h">
			<Filter>Source</Filter>
		</ClInclude>
		<ClInclude Include="..\..\..\Source\standalone_application.h">
			<Filter>Source</Filter>
		</ClInclude>
		<ClInclude Include="..\..\..\Source\averager.h">
			<Filter>Source</Filter>
		</ClInclude>
		<ClInclude Include="..\..\..\Source\parameter_juggler\wrapped_parameter_continuous.h">
			<Filter>Source\parameter_juggler</Filter>
		</ClInclude>
		<ClInclude Include="..\..\..\Source\parameter_juggler\slider_continuous.h">
			<Filter>Source\parameter_juggler</Filter>
		</ClInclude>
		<ClInclude Include="..\..\..\Source\parameter_juggler\wrapped_parameter_toggle_switch.h">
			<Filter>Source\parameter_juggler</Filter>
		</ClInclude>
		<ClInclude Include="..\..\..\Source\parameter_juggler\wrapped_parameter.h">
			<Filter>Source\parameter_juggler</Filter>
		</ClInclude>
		<ClInclude Include="..\..\..\Source\parameter_juggler\parameter_juggler.h">
			<Filter>Source\parameter_juggler</Filter>
		</ClInclude>
		<ClInclude Include="..\..\..\Source\parameter_juggler\slider_combined.h">
			<Filter>Source\parameter_juggler</Filter>
		</ClInclude>
		<ClInclude Include="..\..\..\Source\parameter_juggler\wrapped_parameter_switch.h">
			<Filter>Source\parameter_juggler</Filter>
		</ClInclude>
		<ClInclude Include="..\..\..\Source\parameter_juggler\wrapped_parameter_combined.h">
			<Filter>Source\parameter_juggler</Filter>
		</ClInclude>
		<ClInclude Include="..\..\..\Source\parameter_juggler\wrapped_parameter_string.h">
			<Filter>Source\parameter_juggler</Filter>
		</ClInclude>
		<ClInclude Include="..\..\..\Source\parameter_juggler\slider_switch_linear_bar.h">
			<Filter>Source\parameter_juggler</Filter>
		</ClInclude>
		<ClInclude Include="..\..\..\Source\parameter_juggler\slider_switch.h">
			<Filter>Source\parameter_juggler</Filter>
		</ClInclude>
		<ClInclude Include="..\..\..\Source\resources\resources.h">
			<Filter>Source\resources</Filter>
		</ClInclude>
	</ItemGroup>
	<ItemGroup>
		<ClCompile Include="..\..\..\Source\meter_segment.cpp">
			<Filter>Source</Filter>
		</ClCompile>
		<ClCompile Include="..\..\..\Source\plugin_processor.cpp">
			<Filter>Source</Filter>
		</ClCompile>
		<ClCompile Include="..\..\..\Source\meter_bar_peak.cpp">
			<Filter>Source</Filter>
		</ClCompile>
		<ClCompile Include="..\..\..\Source\state_label.cpp">
			<Filter>Source</Filter>
		</ClCompile>
		<ClCompile Include="..\..\..\Source\plugin_parameters.cpp">
			<Filter>Source</Filter>
		</ClCompile>
		<ClCompile Include="..\..\..\Source\skin.cpp">
			<Filter>Source</Filter>
		</ClCompile>
		<ClCompile Include="..\..\..\Source\averager.cpp">
			<Filter>Source</Filter>
		</ClCompile>
		<ClCompile Include="..\..\..\Source\main.cpp">
			<Filter>Source</Filter>
		</ClCompile>
		<ClCompile Include="..\..\..\Source\window_skin.cpp">
			<Filter>Source</Filter>
		</ClCompile>
		<ClCompile Include="..\..\..\Source\meter_bar_average.cpp">
			<Filter>Source</Filter>
		</ClCompile>
		<ClCompile Include="..\..\..\Source\meter_signal_led.cpp">
			<Filter>Source</Filter>
		</ClCompile>
		<ClCompile Include="..\..\..\Source\window_validation.cpp">
			<Filter>Source</Filter>
		</ClCompile>
		<ClCompile Include="..\..\..\Source\audio_ring_buffer.cpp">
			<Filter>Source</Filter>
		</ClCompile>
		<ClCompile Include="..\..\..\Source\standalone_application.cpp">
			<Filter>Source</Filter>
		</ClCompile>
		<ClCompile Include="..\..\..\Source\window_about.cpp">
			<Filter>Source</Filter>
		</ClCompile>
		<ClCompile Include="..\..\..\Source\meter_ballistics.cpp">
			<Filter>Source</Filter>
		</ClCompile>
		<ClCompile Include="..\..\..\Source\plugin_editor.cpp">
			<Filter>Source</Filter>
		</ClCompile>
		<ClCompile Include="..\..\..\Source\audio_file_player.cpp">
			<Filter>Source</Filter>
		</ClCompile>
		<ClCompile Include="..\..\..\Source\trakmeter.cpp">
			<Filter>Source</Filter>
		</ClCompile>
		<ClCompile Include="..\..\..\Source\dither.cpp">
			<Filter>Source</Filter>
		</ClCompile>
		<ClCompile Include="..\..\..\Source\overload_meter.cpp">
			<Filter>Source</Filter>
		</ClCompile>
		<ClCompile Include="..\..\..\Source\channel_slider.cpp">
			<Filter>Source</Filter>
		</ClCompile>
		<ClCompile Include="..\..\..\Source\parameter_juggler\wrapped_parameter_toggle_switch.cpp">
			<Filter>Source\parameter_juggler</Filter>
		</ClCompile>
		<ClCompile Include="..\..\..\Source\parameter_juggler\parameter_juggler.cpp">
			<Filter>Source\parameter_juggler</Filter>
		</ClCompile>
		<ClCompile Include="..\..\..\Source\parameter_juggler\slider_combined.cpp">
			<Filter>Source\parameter_juggler</Filter>
		</ClCompile>
		<ClCompile Include="..\..\..\Source\parameter_juggler\slider_switch.cpp">
			<Filter>Source\parameter_juggler</Filter>
		</ClCompile>
		<ClCompile Include="..\..\..\Source\parameter_juggler\wrapped_parameter_string.cpp">
			<Filter>Source\parameter_juggler</Filter>
		</ClCompile>
		<ClCompile Include="..\..\..\Source\parameter_juggler\slider_continuous.cpp">
			<Filter>Source\parameter_juggler</Filter>
		</ClCompile>
		<ClCompile Include="..\..\..\Source\parameter_juggler\wrapped_parameter_switch.cpp">
			<Filter>Source\parameter_juggler</Filter>
		</ClCompile>
		<ClCompile Include="..\..\..\Source\parameter_juggler\slider_switch_linear_bar.cpp">
			<Filter>Source\parameter_juggler</Filter>
		</ClCompile>
		<ClCompile Include="..\..\..\Source\parameter_juggler\wrapped_parameter_continuous.cpp">
			<Filter>Source\parameter_juggler</Filter>
		</ClCompile>
		<ClCompile Include="..\..\..\Source\parameter_juggler\wrapped_parameter_combined.cpp">
			<Filter>Source\parameter_juggler</Filter>
		</ClCompile>
		<ClCompile Include="..\..\..\Source\resources\resources.cpp">
			<Filter>Source\resources</Filter>
		</ClCompile>
		<ClCompile Include="..\..\..\libraries\juce\modules\juce_audio_basics\juce_audio_basics.cpp">
			<Filter>libraries\juce\modules\juce_audio_basics</Filter>
		</ClCompile>
		<ClCompile Include="..\..\..\libraries\juce\modules\juce_audio_devices\juce_audio_devices.cpp">
			<Filter>libraries\juce\modules\juce_audio_devices</Filter>
		</ClCompile>
		<ClCompile Include="..\..\..\libraries\juce\modules\juce_audio_formats\juce_audio_formats.cpp">
			<Filter>libraries\juce\modules\juce_audio_formats</Filter>
		</ClCompile>
		<ClCompile Include="..\..\..\libraries\juce\modules\juce_audio_processors\juce_audio_processors.cpp">
			<Filter>libraries\juce\modules\juce_audio_processors</Filter>
		</ClCompile>
		<ClCompile Include="..\..\..\libraries\juce\modules\juce_audio_utils\juce_audio_utils.cpp">
			<Filter>libraries\juce\modules\juce_audio_utils</Filter>
		</ClCompile>
		<ClCompile Include="..\..\..\libraries\juce\modules\juce_core\juce_core.cpp">
			<Filter>libraries\juce\modules\juce_core</Filter>
		</ClCompile>
		<ClCompile Include="..\..\..\libraries\juce\modules\juce_cryptography\juce_cryptography.cpp">
			<Filter>libraries\juce\modules\juce_cryptography</Filter>
		</ClCompile>
		<ClCompile Include="..\..\..\libraries\juce\modules\juce_data_structures\juce_data_structures.cpp">
			<Filter>libraries\juce\modules\juce_data_structures</Filter>
		</ClCompile>
		<ClCompile Include="..\..\..\libraries\juce\modules\juce_events\juce_events.cpp">
			<Filter>libraries\juce\modules\juce_events</Filter>
		</ClCompile>
		<ClCompile Include="..\..\..\libraries\juce\modules\juce_graphics\juce_graphics.cpp">
			<Filter>libraries\juce\modules\juce_graphics</Filter>
		</ClCompile>
		<ClCompile Include="..\..\..\libraries\juce\modules\juce_gui_basics\juce_gui_basics.cpp">
			<Filter>libraries\juce\modules\juce_gui_basics</Filter>
		</ClCompile>
		<ClCompile Include="..\..\..\libraries\juce\modules\juce_gui_extra\juce_gui_extra.cpp">
			<Filter>libraries\juce\modules\juce_gui_extra</Filter>
		</ClCompile>
		<ClCompile Include="..\..\..\libraries\juce\modules\juce_video\juce_video.cpp">
			<Filter>libraries\juce\modules\juce_video</Filter>
		</ClCompile>
	</ItemGroup>
</Project>
