<?xml version="1.0" encoding="utf-8"?>
<Project ToolsVersion="4.0" xmlns="http://schemas.microsoft.com/developer/msbuild/2003">
	<ItemGroup>
		<Filter Include="Source">
			<UniqueIdentifier>{BC713ADB-AFC5-23ED-0A50-454043431777}</UniqueIdentifier>
		</Filter>
		<Filter Include="Source\common">
			<UniqueIdentifier>{929C10E2-07B4-F6EA-A2C3-B398CC617EB2}</UniqueIdentifier>
		</Filter>
		<Filter Include="Source\common\widgets">
			<UniqueIdentifier>{DEB78BAD-1BF2-649F-53B4-873512A841DE}</UniqueIdentifier>
		</Filter>
		<Filter Include="Source\common\widgets\resources">
			<UniqueIdentifier>{7AD717EE-6226-BF3E-37BE-95F9D18AB1EB}</UniqueIdentifier>
		</Filter>
		<Filter Include="Source\common\skin">
			<UniqueIdentifier>{BEEDFD4D-E00D-21A1-9F41-B3AFCA7F30CD}</UniqueIdentifier>
		</Filter>
		<Filter Include="Source\common\math">
			<UniqueIdentifier>{88F3C819-47D4-726E-1178-E96CDA354E47}</UniqueIdentifier>
		</Filter>
		<Filter Include="Source\common\parameter_juggler">
			<UniqueIdentifier>{A37F40F6-B11F-BB77-02D9-60F035B88C80}</UniqueIdentifier>
		</Filter>
		<Filter Include="Source\common\audio">
			<UniqueIdentifier>{C2193CDD-9104-C14C-2E0B-F5E857817CBE}</UniqueIdentifier>
		</Filter>
		<Filter Include="libraries">
			<UniqueIdentifier>{DFF23362-920E-D678-8A7A-E5DD73572148}</UniqueIdentifier>
		</Filter>
		<Filter Include="libraries\juce">
			<UniqueIdentifier>{F260765C-385C-C2E1-ABF5-171FF6A79A2E}</UniqueIdentifier>
		</Filter>
		<Filter Include="libraries\juce\modules">
			<UniqueIdentifier>{02126A46-FDF1-96E6-F646-00C69364CE62}</UniqueIdentifier>
		</Filter>
		<Filter Include="libraries\juce\modules\juce_audio_basics">
			<UniqueIdentifier>{89D0401B-8E1A-DC47-460E-9E4746F8F056}</UniqueIdentifier>
		</Filter>
		<Filter Include="libraries\juce\modules\juce_audio_devices">
			<UniqueIdentifier>{06318311-7BE4-D75B-A3F4-A5BBC7E049B9}</UniqueIdentifier>
		</Filter>
		<Filter Include="libraries\juce\modules\juce_audio_formats">
			<UniqueIdentifier>{D9BE939F-CCB4-B5EA-9CE6-1626BCC3591C}</UniqueIdentifier>
		</Filter>
		<Filter Include="libraries\juce\modules\juce_audio_processors">
			<UniqueIdentifier>{7427429F-B2D8-E4CA-A2D4-FDF478911459}</UniqueIdentifier>
		</Filter>
		<Filter Include="libraries\juce\modules\juce_audio_utils">
			<UniqueIdentifier>{F1F1CF2A-F08B-0513-E38F-33827B542A7A}</UniqueIdentifier>
		</Filter>
		<Filter Include="libraries\juce\modules\juce_core">
			<UniqueIdentifier>{18856164-0B19-3961-3FAF-7825AE6E5945}</UniqueIdentifier>
		</Filter>
		<Filter Include="libraries\juce\modules\juce_cryptography">
			<UniqueIdentifier>{71EBB443-233D-E55F-1814-5B64090BCAB0}</UniqueIdentifier>
		</Filter>
		<Filter Include="libraries\juce\modules\juce_data_structures">
			<UniqueIdentifier>{60915C3E-811C-5C5F-793E-E685592E669B}</UniqueIdentifier>
		</Filter>
		<Filter Include="libraries\juce\modules\juce_events">
			<UniqueIdentifier>{83D32834-ADB0-96CA-3D99-EB6F0407A7CF}</UniqueIdentifier>
		</Filter>
		<Filter Include="libraries\juce\modules\juce_graphics">
			<UniqueIdentifier>{4A4B0709-EAD0-5142-C802-EF247D34D51B}</UniqueIdentifier>
		</Filter>
		<Filter Include="libraries\juce\modules\juce_gui_basics">
			<UniqueIdentifier>{FF4F9210-2E92-72B4-6FB7-8009AADA8591}</UniqueIdentifier>
		</Filter>
		<Filter Include="libraries\juce\modules\juce_gui_extra">
			<UniqueIdentifier>{9D2CE76C-EB75-A4F6-A7C7-9B4FDA7E30A6}</UniqueIdentifier>
		</Filter>
		<Filter Include="libraries\juce\modules\juce_video">
			<UniqueIdentifier>{A6FB8395-B3BC-0F29-F196-DF951178B0FC}</UniqueIdentifier>
		</Filter>
		<Filter Include="libraries\juce\modules\juce_audio_plugin_client">
			<UniqueIdentifier>{D1FD7D44-0E80-130A-1734-01906CBE51E7}</UniqueIdentifier>
		</Filter>
		<Filter Include="libraries\juce\modules\juce_audio_plugin_client\utility">
			<UniqueIdentifier>{C5C4D130-B57B-76BC-FE9D-D7AD10071777}</UniqueIdentifier>
		</Filter>
		<Filter Include="libraries\juce\modules\juce_audio_plugin_client\VST">
			<UniqueIdentifier>{50D1B6BA-BE21-3CB2-195D-3ACCE8DB3AFF}</UniqueIdentifier>
		</Filter>
	</ItemGroup>
	<ItemGroup>
		<ClInclude Include="..\..\..\Source\meter_bar_average.h">
			<Filter>Source</Filter>
		</ClInclude>
		<ClInclude Include="..\..\..\Source\meter_signal_led.h">
			<Filter>Source</Filter>
		</ClInclude>
		<ClInclude Include="..\..\..\Source\plugin_parameters.h">
			<Filter>Source</Filter>
		</ClInclude>
		<ClInclude Include="..\..\..\Source\plugin_editor.h">
			<Filter>Source</Filter>
		</ClInclude>
		<ClInclude Include="..\..\..\Source\trakmeter.h">
			<Filter>Source</Filter>
		</ClInclude>
		<ClInclude Include="..\..\..\Source\meter_bar_peak.h">
			<Filter>Source</Filter>
		</ClInclude>
		<ClInclude Include="..\..\..\Source\overload_meter.h">
			<Filter>Source</Filter>
		</ClInclude>
		<ClInclude Include="..\..\..\Source\audio_file_player.h">
			<Filter>Source</Filter>
		</ClInclude>
		<ClInclude Include="..\..\..\Source\plugin_processor.h">
			<Filter>Source</Filter>
		</ClInclude>
		<ClInclude Include="..\..\..\Source\meter_ballistics.h">
			<Filter>Source</Filter>
		</ClInclude>
		<ClInclude Include="..\..\..\Source\skin.h">
			<Filter>Source</Filter>
		</ClInclude>
		<ClInclude Include="..\..\..\Source\window_validation.h">
			<Filter>Source</Filter>
		</ClInclude>
		<ClInclude Include="..\..\..\Source\common\mz_juce_common.h">
			<Filter>Source\common</Filter>
		</ClInclude>
		<ClInclude Include="..\..\..\Source\common\widgets\generic_plugin_standalone.h">
			<Filter>Source\common\widgets</Filter>
		</ClInclude>
		<ClInclude Include="..\..\..\Source\common\widgets\generic_meter_segment.h">
			<Filter>Source\common\widgets</Filter>
		</ClInclude>
		<ClInclude Include="..\..\..\Source\common\widgets\generic_window_skin_content.h">
			<Filter>Source\common\widgets</Filter>
		</ClInclude>
		<ClInclude Include="..\..\..\Source\common\widgets\generic_window_about_content.h">
			<Filter>Source\common\widgets</Filter>
		</ClInclude>
		<ClInclude Include="..\..\..\Source\common\widgets\generic_horizontal_meter.h">
			<Filter>Source\common\widgets</Filter>
		</ClInclude>
		<ClInclude Include="..\..\..\Source\common\widgets\slider_switch.h">
			<Filter>Source\common\widgets</Filter>
		</ClInclude>
		<ClInclude Include="..\..\..\Source\common\widgets\generic_meter_bar.h">
			<Filter>Source\common\widgets</Filter>
		</ClInclude>
		<ClInclude Include="..\..\..\Source\common\widgets\slider_combined.h">
			<Filter>Source\common\widgets</Filter>
		</ClInclude>
		<ClInclude Include="..\..\..\Source\common\widgets\slider_switch_linear_bar.h">
			<Filter>Source\common\widgets</Filter>
		</ClInclude>
		<ClInclude Include="..\..\..\Source\common\widgets\slider_continuous.h">
			<Filter>Source\common\widgets</Filter>
		</ClInclude>
		<ClInclude Include="..\..\..\Source\common\widgets\generic_state_label.h">
			<Filter>Source\common\widgets</Filter>
		</ClInclude>
		<ClInclude Include="..\..\..\Source\common\widgets\generic_channel_slider.h">
			<Filter>Source\common\widgets</Filter>
		</ClInclude>
		<ClInclude Include="..\..\..\Source\common\widgets\resources\resources.h">
			<Filter>Source\common\widgets\resources</Filter>
		</ClInclude>
		<ClInclude Include="..\..\..\Source\common\skin\generic_skin.h">
			<Filter>Source\common\skin</Filter>
		</ClInclude>
		<ClInclude Include="..\..\..\Source\common\math\averager.h">
			<Filter>Source\common\math</Filter>
		</ClInclude>
		<ClInclude Include="..\..\..\Source\common\parameter_juggler\plugin_parameter_boolean.h">
			<Filter>Source\common\parameter_juggler</Filter>
		</ClInclude>
		<ClInclude Include="..\..\..\Source\common\parameter_juggler\plugin_parameter.h">
			<Filter>Source\common\parameter_juggler</Filter>
		</ClInclude>
		<ClInclude Include="..\..\..\Source\common\parameter_juggler\plugin_parameter_string.h">
			<Filter>Source\common\parameter_juggler</Filter>
		</ClInclude>
		<ClInclude Include="..\..\..\Source\common\parameter_juggler\parameter_juggler.h">
			<Filter>Source\common\parameter_juggler</Filter>
		</ClInclude>
		<ClInclude Include="..\..\..\Source\common\parameter_juggler\plugin_parameter_switch.h">
			<Filter>Source\common\parameter_juggler</Filter>
		</ClInclude>
		<ClInclude Include="..\..\..\Source\common\parameter_juggler\plugin_parameter_combined.h">
			<Filter>Source\common\parameter_juggler</Filter>
		</ClInclude>
		<ClInclude Include="..\..\..\Source\common\parameter_juggler\plugin_parameter_continuous.h">
			<Filter>Source\common\parameter_juggler</Filter>
		</ClInclude>
		<ClInclude Include="..\..\..\Source\common\audio\dither.h">
			<Filter>Source\common\audio</Filter>
		</ClInclude>
		<ClInclude Include="..\..\..\Source\common\audio\audio_ring_buffer.h">
			<Filter>Source\common\audio</Filter>
		</ClInclude>
	</ItemGroup>
	<ItemGroup>
		<ClCompile Include="..\..\..\Source\main.cpp">
			<Filter>Source</Filter>
		</ClCompile>
		<ClCompile Include="..\..\..\Source\plugin_editor.cpp">
			<Filter>Source</Filter>
		</ClCompile>
		<ClCompile Include="..\..\..\Source\window_validation.cpp">
			<Filter>Source</Filter>
		</ClCompile>
		<ClCompile Include="..\..\..\Source\plugin_processor.cpp">
			<Filter>Source</Filter>
		</ClCompile>
		<ClCompile Include="..\..\..\Source\meter_signal_led.cpp">
			<Filter>Source</Filter>
		</ClCompile>
		<ClCompile Include="..\..\..\Source\overload_meter.cpp">
			<Filter>Source</Filter>
		</ClCompile>
		<ClCompile Include="..\..\..\Source\meter_ballistics.cpp">
			<Filter>Source</Filter>
		</ClCompile>
		<ClCompile Include="..\..\..\Source\plugin_parameters.cpp">
			<Filter>Source</Filter>
		</ClCompile>
		<ClCompile Include="..\..\..\Source\meter_bar_average.cpp">
			<Filter>Source</Filter>
		</ClCompile>
		<ClCompile Include="..\..\..\Source\audio_file_player.cpp">
			<Filter>Source</Filter>
		</ClCompile>
		<ClCompile Include="..\..\..\Source\skin.cpp">
			<Filter>Source</Filter>
		</ClCompile>
		<ClCompile Include="..\..\..\Source\trakmeter.cpp">
			<Filter>Source</Filter>
		</ClCompile>
		<ClCompile Include="..\..\..\Source\meter_bar_peak.cpp">
			<Filter>Source</Filter>
		</ClCompile>
		<ClCompile Include="..\..\..\Source\common\widgets\slider_continuous.cpp">
			<Filter>Source\common\widgets</Filter>
		</ClCompile>
		<ClCompile Include="..\..\..\Source\common\widgets\generic_channel_slider.cpp">
			<Filter>Source\common\widgets</Filter>
		</ClCompile>
		<ClCompile Include="..\..\..\Source\common\widgets\generic_window_skin_content.cpp">
			<Filter>Source\common\widgets</Filter>
		</ClCompile>
		<ClCompile Include="..\..\..\Source\common\widgets\slider_combined.cpp">
			<Filter>Source\common\widgets</Filter>
		</ClCompile>
		<ClCompile Include="..\..\..\Source\common\widgets\generic_horizontal_meter.cpp">
			<Filter>Source\common\widgets</Filter>
		</ClCompile>
		<ClCompile Include="..\..\..\Source\common\widgets\generic_meter_bar.cpp">
			<Filter>Source\common\widgets</Filter>
		</ClCompile>
		<ClCompile Include="..\..\..\Source\common\widgets\generic_state_label.cpp">
			<Filter>Source\common\widgets</Filter>
		</ClCompile>
		<ClCompile Include="..\..\..\Source\common\widgets\slider_switch.cpp">
			<Filter>Source\common\widgets</Filter>
		</ClCompile>
		<ClCompile Include="..\..\..\Source\common\widgets\generic_plugin_standalone.cpp">
			<Filter>Source\common\widgets</Filter>
		</ClCompile>
		<ClCompile Include="..\..\..\Source\common\widgets\slider_switch_linear_bar.cpp">
			<Filter>Source\common\widgets</Filter>
		</ClCompile>
		<ClCompile Include="..\..\..\Source\common\widgets\generic_meter_segment.cpp">
			<Filter>Source\common\widgets</Filter>
		</ClCompile>
		<ClCompile Include="..\..\..\Source\common\widgets\generic_window_about_content.cpp">
			<Filter>Source\common\widgets</Filter>
		</ClCompile>
		<ClCompile Include="..\..\..\Source\common\widgets\resources\resources.cpp">
			<Filter>Source\common\widgets\resources</Filter>
		</ClCompile>
		<ClCompile Include="..\..\..\Source\common\skin\generic_skin.cpp">
			<Filter>Source\common\skin</Filter>
		</ClCompile>
		<ClCompile Include="..\..\..\Source\common\math\averager.cpp">
			<Filter>Source\common\math</Filter>
		</ClCompile>
		<ClCompile Include="..\..\..\Source\common\parameter_juggler\plugin_parameter_combined.cpp">
			<Filter>Source\common\parameter_juggler</Filter>
		</ClCompile>
		<ClCompile Include="..\..\..\Source\common\parameter_juggler\parameter_juggler.cpp">
			<Filter>Source\common\parameter_juggler</Filter>
		</ClCompile>
		<ClCompile Include="..\..\..\Source\common\parameter_juggler\plugin_parameter_string.cpp">
			<Filter>Source\common\parameter_juggler</Filter>
		</ClCompile>
		<ClCompile Include="..\..\..\Source\common\parameter_juggler\plugin_parameter_switch.cpp">
			<Filter>Source\common\parameter_juggler</Filter>
		</ClCompile>
		<ClCompile Include="..\..\..\Source\common\parameter_juggler\plugin_parameter.cpp">
			<Filter>Source\common\parameter_juggler</Filter>
		</ClCompile>
		<ClCompile Include="..\..\..\Source\common\parameter_juggler\plugin_parameter_continuous.cpp">
			<Filter>Source\common\parameter_juggler</Filter>
		</ClCompile>
		<ClCompile Include="..\..\..\Source\common\parameter_juggler\plugin_parameter_boolean.cpp">
			<Filter>Source\common\parameter_juggler</Filter>
		</ClCompile>
		<ClCompile Include="..\..\..\Source\common\audio\audio_ring_buffer.cpp">
			<Filter>Source\common\audio</Filter>
		</ClCompile>
		<ClCompile Include="..\..\..\Source\common\audio\dither.cpp">
			<Filter>Source\common\audio</Filter>
		</ClCompile>
		<ClCompile Include="..\..\..\libraries\juce\modules\juce_audio_basics\juce_audio_basics.cpp">
			<Filter>libraries\juce\modules\juce_audio_basics</Filter>
		</ClCompile>
		<ClCompile Include="..\..\..\libraries\juce\modules\juce_audio_devices\juce_audio_devices.cpp">
			<Filter>libraries\juce\modules\juce_audio_devices</Filter>
		</ClCompile>
		<ClCompile Include="..\..\..\libraries\juce\modules\juce_audio_formats\juce_audio_formats.cpp">
			<Filter>libraries\juce\modules\juce_audio_formats</Filter>
		</ClCompile>
		<ClCompile Include="..\..\..\libraries\juce\modules\juce_audio_processors\juce_audio_processors.cpp">
			<Filter>libraries\juce\modules\juce_audio_processors</Filter>
		</ClCompile>
		<ClCompile Include="..\..\..\libraries\juce\modules\juce_audio_utils\juce_audio_utils.cpp">
			<Filter>libraries\juce\modules\juce_audio_utils</Filter>
		</ClCompile>
		<ClCompile Include="..\..\..\libraries\juce\modules\juce_core\juce_core.cpp">
			<Filter>libraries\juce\modules\juce_core</Filter>
		</ClCompile>
		<ClCompile Include="..\..\..\libraries\juce\modules\juce_cryptography\juce_cryptography.cpp">
			<Filter>libraries\juce\modules\juce_cryptography</Filter>
		</ClCompile>
		<ClCompile Include="..\..\..\libraries\juce\modules\juce_data_structures\juce_data_structures.cpp">
			<Filter>libraries\juce\modules\juce_data_structures</Filter>
		</ClCompile>
		<ClCompile Include="..\..\..\libraries\juce\modules\juce_events\juce_events.cpp">
			<Filter>libraries\juce\modules\juce_events</Filter>
		</ClCompile>
		<ClCompile Include="..\..\..\libraries\juce\modules\juce_graphics\juce_graphics.cpp">
			<Filter>libraries\juce\modules\juce_graphics</Filter>
		</ClCompile>
		<ClCompile Include="..\..\..\libraries\juce\modules\juce_gui_basics\juce_gui_basics.cpp">
			<Filter>libraries\juce\modules\juce_gui_basics</Filter>
		</ClCompile>
		<ClCompile Include="..\..\..\libraries\juce\modules\juce_gui_extra\juce_gui_extra.cpp">
			<Filter>libraries\juce\modules\juce_gui_extra</Filter>
		</ClCompile>
		<ClCompile Include="..\..\..\libraries\juce\modules\juce_video\juce_video.cpp">
			<Filter>libraries\juce\modules\juce_video</Filter>
		</ClCompile>
		<ClCompile Include="..\..\..\libraries\juce\modules\juce_audio_plugin_client\utility\juce_PluginUtilities.cpp">
			<Filter>libraries\juce\modules\juce_audio_plugin_client\utility</Filter>
		</ClCompile>
		<ClCompile Include="..\..\..\libraries\juce\modules\juce_audio_plugin_client\VST\juce_VST_Wrapper.cpp">
			<Filter>libraries\juce\modules\juce_audio_plugin_client\VST</Filter>
		</ClCompile>
	</ItemGroup>
</Project>
