<?xml version="1.0" encoding="utf-8"?>
<Project ToolsVersion="4.0" xmlns="http://schemas.microsoft.com/developer/msbuild/2003">
	<ItemGroup>
		<Filter Include="Source">
			<UniqueIdentifier>{01897716-869B-9DCC-449B-483F3BC3B5C8}</UniqueIdentifier>
		</Filter>
		<Filter Include="Source\resources">
			<UniqueIdentifier>{C9B6D501-551A-45BE-EE93-DB85A190B049}</UniqueIdentifier>
		</Filter>
		<Filter Include="libraries">
			<UniqueIdentifier>{8CCE1140-B7FD-0F46-CD4D-4BA90A2BC983}</UniqueIdentifier>
		</Filter>
		<Filter Include="libraries\juce">
			<UniqueIdentifier>{9E38FC2C-DFDC-E8FD-C598-46EE0A5D65B8}</UniqueIdentifier>
		</Filter>
		<Filter Include="libraries\juce\modules">
			<UniqueIdentifier>{BE6D20A5-40C9-1DEB-F6DE-7D8C84A27161}</UniqueIdentifier>
		</Filter>
		<Filter Include="libraries\juce\modules\juce_audio_basics">
			<UniqueIdentifier>{CA3DED64-D8DC-AEA4-2729-357257EA89CF}</UniqueIdentifier>
		</Filter>
		<Filter Include="libraries\juce\modules\juce_audio_devices">
			<UniqueIdentifier>{6B46C8C4-DD41-C4CF-3E94-AD1EA96F4D54}</UniqueIdentifier>
		</Filter>
		<Filter Include="libraries\juce\modules\juce_audio_formats">
			<UniqueIdentifier>{99709805-1622-DEFD-347A-9203073BA1B7}</UniqueIdentifier>
		</Filter>
		<Filter Include="libraries\juce\modules\juce_audio_processors">
			<UniqueIdentifier>{03261B22-F7B6-A4A9-9B83-49469F04B91E}</UniqueIdentifier>
		</Filter>
		<Filter Include="libraries\juce\modules\juce_audio_utils">
			<UniqueIdentifier>{6357C460-7A00-95FF-4F47-87EC0955D832}</UniqueIdentifier>
		</Filter>
		<Filter Include="libraries\juce\modules\juce_core">
			<UniqueIdentifier>{B022FD4F-7920-6C67-6AEF-6E4BBB247B1D}</UniqueIdentifier>
		</Filter>
		<Filter Include="libraries\juce\modules\juce_cryptography">
			<UniqueIdentifier>{2F775643-6450-4DAB-8121-7A838463733E}</UniqueIdentifier>
		</Filter>
		<Filter Include="libraries\juce\modules\juce_data_structures">
			<UniqueIdentifier>{664D0FF8-B573-0B1F-73C3-1F375C64B71F}</UniqueIdentifier>
		</Filter>
		<Filter Include="libraries\juce\modules\juce_events">
			<UniqueIdentifier>{0132391C-7B40-33F6-E84F-F26DD40A44B6}</UniqueIdentifier>
		</Filter>
		<Filter Include="libraries\juce\modules\juce_graphics">
			<UniqueIdentifier>{237065DB-95C6-BDC7-62FE-712CF9026413}</UniqueIdentifier>
		</Filter>
		<Filter Include="libraries\juce\modules\juce_gui_basics">
			<UniqueIdentifier>{5B86159B-ABD9-C3B7-CE9D-F1BE43136644}</UniqueIdentifier>
		</Filter>
		<Filter Include="libraries\juce\modules\juce_gui_extra">
			<UniqueIdentifier>{11B1400D-8A38-BFE2-A8B7-C3C782E04D26}</UniqueIdentifier>
		</Filter>
		<Filter Include="libraries\juce\modules\juce_video">
			<UniqueIdentifier>{1D2E78AE-DC80-A380-2928-8DCB22B82EBC}</UniqueIdentifier>
		</Filter>
		<Filter Include="libraries\juce\modules\juce_audio_plugin_client">
			<UniqueIdentifier>{5B2CD7FD-5ABD-9CA4-43C8-E7CDCFC928B3}</UniqueIdentifier>
		</Filter>
		<Filter Include="libraries\juce\modules\juce_audio_plugin_client\utility">
			<UniqueIdentifier>{09E1A13A-6300-E848-CDD4-355CC7A6E664}</UniqueIdentifier>
		</Filter>
		<Filter Include="libraries\juce\modules\juce_audio_plugin_client\VST">
			<UniqueIdentifier>{04BFBAA7-A93D-9D90-FBF3-BE42D1D1F068}</UniqueIdentifier>
		</Filter>
	</ItemGroup>
	<ItemGroup>
		<ClInclude Include="..\..\..\Source\average_meter.h">
			<Filter>Source</Filter>
		</ClInclude>
		<ClInclude Include="..\..\..\Source\window_validation.h">
			<Filter>Source</Filter>
		</ClInclude>
		<ClInclude Include="..\..\..\Source\meter_segment_multi.h">
			<Filter>Source</Filter>
		</ClInclude>
		<ClInclude Include="..\..\..\Source\channel_slider.h">
			<Filter>Source</Filter>
		</ClInclude>
		<ClInclude Include="..\..\..\Source\meter_bar_average.h">
			<Filter>Source</Filter>
		</ClInclude>
		<ClInclude Include="..\..\..\Source\trakmeter.h">
			<Filter>Source</Filter>
		</ClInclude>
		<ClInclude Include="..\..\..\Source\peak_meter.h">
			<Filter>Source</Filter>
		</ClInclude>
		<ClInclude Include="..\..\..\Source\meter_segment.h">
			<Filter>Source</Filter>
		</ClInclude>
		<ClInclude Include="..\..\..\Source\combined_meter.h">
			<Filter>Source</Filter>
		</ClInclude>
		<ClInclude Include="..\..\..\Source\audio_ring_buffer.h">
			<Filter>Source</Filter>
		</ClInclude>
		<ClInclude Include="..\..\..\Source\signal_meter.h">
			<Filter>Source</Filter>
		</ClInclude>
		<ClInclude Include="..\..\..\Source\dither.h">
			<Filter>Source</Filter>
		</ClInclude>
		<ClInclude Include="..\..\..\Source\window_about.h">
			<Filter>Source</Filter>
		</ClInclude>
		<ClInclude Include="..\..\..\Source\meter_bar_peak.h">
			<Filter>Source</Filter>
		</ClInclude>
		<ClInclude Include="..\..\..\Source\audio_file_player.h">
			<Filter>Source</Filter>
		</ClInclude>
		<ClInclude Include="..\..\..\Source\plugin_parameters.h">
			<Filter>Source</Filter>
		</ClInclude>
		<ClInclude Include="..\..\..\Source\meter_segment_overload.h">
			<Filter>Source</Filter>
		</ClInclude>
		<ClInclude Include="..\..\..\Source\abstract_meter.h">
			<Filter>Source</Filter>
		</ClInclude>
		<ClInclude Include="..\..\..\Source\mz_tools.h">
			<Filter>Source</Filter>
		</ClInclude>
		<ClInclude Include="..\..\..\Source\meter_signal_led.h">
			<Filter>Source</Filter>
		</ClInclude>
		<ClInclude Include="..\..\..\Source\plugin_processor.h">
			<Filter>Source</Filter>
		</ClInclude>
		<ClInclude Include="..\..\..\Source\meter_ballistics.h">
			<Filter>Source</Filter>
		</ClInclude>
		<ClInclude Include="..\..\..\Source\plugin_editor.h">
			<Filter>Source</Filter>
		</ClInclude>
		<ClInclude Include="..\..\..\Source\averager.h">
			<Filter>Source</Filter>
		</ClInclude>
		<ClInclude Include="..\..\..\Source\resources\resources.h">
			<Filter>Source\resources</Filter>
		</ClInclude>
	</ItemGroup>
	<ItemGroup>
		<ClCompile Include="..\..\..\Source\meter_segment_overload.cpp">
			<Filter>Source</Filter>
		</ClCompile>
		<ClCompile Include="..\..\..\Source\meter_segment.cpp">
			<Filter>Source</Filter>
		</ClCompile>
		<ClCompile Include="..\..\..\Source\plugin_processor.cpp">
			<Filter>Source</Filter>
		</ClCompile>
		<ClCompile Include="..\..\..\Source\meter_bar_peak.cpp">
			<Filter>Source</Filter>
		</ClCompile>
		<ClCompile Include="..\..\..\Source\plugin_parameters.cpp">
			<Filter>Source</Filter>
		</ClCompile>
		<ClCompile Include="..\..\..\Source\abstract_meter.cpp">
			<Filter>Source</Filter>
		</ClCompile>
		<ClCompile Include="..\..\..\Source\averager.cpp">
			<Filter>Source</Filter>
		</ClCompile>
		<ClCompile Include="..\..\..\Source\meter_segment_multi.cpp">
			<Filter>Source</Filter>
		</ClCompile>
		<ClCompile Include="..\..\..\Source\main.cpp">
			<Filter>Source</Filter>
		</ClCompile>
		<ClCompile Include="..\..\..\Source\peak_meter.cpp">
			<Filter>Source</Filter>
		</ClCompile>
		<ClCompile Include="..\..\..\Source\meter_bar_average.cpp">
			<Filter>Source</Filter>
		</ClCompile>
		<ClCompile Include="..\..\..\Source\meter_signal_led.cpp">
			<Filter>Source</Filter>
		</ClCompile>
		<ClCompile Include="..\..\..\Source\signal_meter.cpp">
			<Filter>Source</Filter>
		</ClCompile>
		<ClCompile Include="..\..\..\Source\average_meter.cpp">
			<Filter>Source</Filter>
		</ClCompile>
		<ClCompile Include="..\..\..\Source\window_validation.cpp">
			<Filter>Source</Filter>
		</ClCompile>
		<ClCompile Include="..\..\..\Source\audio_ring_buffer.cpp">
			<Filter>Source</Filter>
		</ClCompile>
		<ClCompile Include="..\..\..\Source\window_about.cpp">
			<Filter>Source</Filter>
		</ClCompile>
		<ClCompile Include="..\..\..\Source\meter_ballistics.cpp">
			<Filter>Source</Filter>
		</ClCompile>
		<ClCompile Include="..\..\..\Source\plugin_editor.cpp">
			<Filter>Source</Filter>
		</ClCompile>
		<ClCompile Include="..\..\..\Source\audio_file_player.cpp">
			<Filter>Source</Filter>
		</ClCompile>
		<ClCompile Include="..\..\..\Source\combined_meter.cpp">
			<Filter>Source</Filter>
		</ClCompile>
		<ClCompile Include="..\..\..\Source\trakmeter.cpp">
			<Filter>Source</Filter>
		</ClCompile>
		<ClCompile Include="..\..\..\Source\dither.cpp">
			<Filter>Source</Filter>
		</ClCompile>
		<ClCompile Include="..\..\..\Source\channel_slider.cpp">
			<Filter>Source</Filter>
		</ClCompile>
		<ClCompile Include="..\..\..\Source\resources\resources.cpp">
			<Filter>Source\resources</Filter>
		</ClCompile>
		<ClCompile Include="..\..\..\libraries\juce\modules\juce_audio_basics\juce_audio_basics.cpp">
			<Filter>libraries\juce\modules\juce_audio_basics</Filter>
		</ClCompile>
		<ClCompile Include="..\..\..\libraries\juce\modules\juce_audio_devices\juce_audio_devices.cpp">
			<Filter>libraries\juce\modules\juce_audio_devices</Filter>
		</ClCompile>
		<ClCompile Include="..\..\..\libraries\juce\modules\juce_audio_formats\juce_audio_formats.cpp">
			<Filter>libraries\juce\modules\juce_audio_formats</Filter>
		</ClCompile>
		<ClCompile Include="..\..\..\libraries\juce\modules\juce_audio_processors\juce_audio_processors.cpp">
			<Filter>libraries\juce\modules\juce_audio_processors</Filter>
		</ClCompile>
		<ClCompile Include="..\..\..\libraries\juce\modules\juce_audio_utils\juce_audio_utils.cpp">
			<Filter>libraries\juce\modules\juce_audio_utils</Filter>
		</ClCompile>
		<ClCompile Include="..\..\..\libraries\juce\modules\juce_core\juce_core.cpp">
			<Filter>libraries\juce\modules\juce_core</Filter>
		</ClCompile>
		<ClCompile Include="..\..\..\libraries\juce\modules\juce_cryptography\juce_cryptography.cpp">
			<Filter>libraries\juce\modules\juce_cryptography</Filter>
		</ClCompile>
		<ClCompile Include="..\..\..\libraries\juce\modules\juce_data_structures\juce_data_structures.cpp">
			<Filter>libraries\juce\modules\juce_data_structures</Filter>
		</ClCompile>
		<ClCompile Include="..\..\..\libraries\juce\modules\juce_events\juce_events.cpp">
			<Filter>libraries\juce\modules\juce_events</Filter>
		</ClCompile>
		<ClCompile Include="..\..\..\libraries\juce\modules\juce_graphics\juce_graphics.cpp">
			<Filter>libraries\juce\modules\juce_graphics</Filter>
		</ClCompile>
		<ClCompile Include="..\..\..\libraries\juce\modules\juce_gui_basics\juce_gui_basics.cpp">
			<Filter>libraries\juce\modules\juce_gui_basics</Filter>
		</ClCompile>
		<ClCompile Include="..\..\..\libraries\juce\modules\juce_gui_extra\juce_gui_extra.cpp">
			<Filter>libraries\juce\modules\juce_gui_extra</Filter>
		</ClCompile>
		<ClCompile Include="..\..\..\libraries\juce\modules\juce_video\juce_video.cpp">
			<Filter>libraries\juce\modules\juce_video</Filter>
		</ClCompile>
		<ClCompile Include="..\..\..\libraries\juce\modules\juce_audio_plugin_client\utility\juce_PluginUtilities.cpp">
			<Filter>libraries\juce\modules\juce_audio_plugin_client\utility</Filter>
		</ClCompile>
		<ClCompile Include="..\..\..\libraries\juce\modules\juce_audio_plugin_client\VST\juce_VST_Wrapper.cpp">
			<Filter>libraries\juce\modules\juce_audio_plugin_client\VST</Filter>
		</ClCompile>
	</ItemGroup>
</Project>
